{
  "requires": true,
  "lockfileVersion": 1,
  "dependencies": {
    "@react-native-community/async-storage": {
      "version": "1.8.1",
      "resolved": "https://registry.npmjs.org/@react-native-community/async-storage/-/async-storage-1.8.1.tgz",
      "integrity": "sha512-MA1fTp4SB7OOtDmNAwds6jIpiwwty1NIoFboWjEWkoyWW35zIuxlhHxD4joSy21aWEzUVwvv6JJ2hSsP/HTb7A=="
    },
    "react-native-actionsheet": {
      "version": "2.4.2",
      "resolved": "https://registry.npmjs.org/react-native-actionsheet/-/react-native-actionsheet-2.4.2.tgz",
      "integrity": "sha512-DBoWIvVwuWXuptF4t46pBqkFxaUxS+rsIdHiA05t0n4BdTIDV2R4s9bLEUVOGzb94D7VxIamsXZPA/3mmw+SXg=="
    },
    "react-native-dropdown": {
      "version": "0.0.6",
      "resolved": "https://registry.npmjs.org/react-native-dropdown/-/react-native-dropdown-0.0.6.tgz",
      "integrity": "sha1-9LiZtAgsSCM0DHN3++c7wBOZFI0="
    }
  }
}
