{
  "requires": true,
  "lockfileVersion": 1,
  "dependencies": {
    "@react-native-community/async-storage": {
      "version": "1.8.1",
      "resolved": "https://registry.npmjs.org/@react-native-community/async-storage/-/async-storage-1.8.1.tgz",
      "integrity": "sha512-MA1fTp4SB7OOtDmNAwds6jIpiwwty1NIoFboWjEWkoyWW35zIuxlhHxD4joSy21aWEzUVwvv6JJ2hSsP/HTb7A=="
    }
  }
}
